
Microsoft Visual Studio Solution File, Format Version 12.00
# Visual Studio Version 16
VisualStudioVersion = 16.0.30225.117
MinimumVisualStudioVersion = 10.0.40219.1
Project("{FAE04EC0-301F-11D3-BF4B-00C04F79EFBC}") = "ConsoleApp99", "ConsoleApp99\ConsoleApp99.csproj", "{8D7A38D5-1562-46F5-B301-5149B3212EC2}"
EndProject
Global
	GlobalSection(SolutionConfigurationPlatforms) = preSolution
		Debug|Any CPU = Debug|Any CPU
		Release|Any CPU = Release|Any CPU
	EndGlobalSection
	GlobalSection(ProjectConfigurationPlatforms) = postSolution
		{8D7A38D5-1562-46F5-B301-5149B3212EC2}.Debug|Any CPU.ActiveCfg = Debug|Any CPU
		{8D7A38D5-1562-46F5-B301-5149B3212EC2}.Debug|Any CPU.Build.0 = Debug|Any CPU
		{8D7A38D5-1562-46F5-B301-5149B3212EC2}.Release|Any CPU.ActiveCfg = Release|Any CPU
		{8D7A38D5-1562-46F5-B301-5149B3212EC2}.Release|Any CPU.Build.0 = Release|Any CPU
	EndGlobalSection
	GlobalSection(SolutionProperties) = preSolution
		HideSolutionNode = FALSE
	EndGlobalSection
	GlobalSection(ExtensibilityGlobals) = postSolution
		SolutionGuid = {558F3739-6380-4740-B52E-F73ED83D31BB}
	EndGlobalSection
EndGlobal
